<Solution>
  <Folder Name="/Solution Items/">
    <File Path="README.md" />
    <File Path=".editorconfig" />
    <File Path=".gitattributes" />
    <File Path=".gitignore" />
    <File Path="global.json" />
    <File Path="Directory.Build.props" />
    <File Path="Directory.Packages.props" />
    <File Path="specs/Packages.md" />
    <File Path=".github/workflows/deploy.yml" />
    <File Path=".github/scripts/build-pages.sh" />
  </Folder>
  <Folder Name="/src/">
    <Project Path="src/Persiltech.Site/Persiltech.Site.csproj" />
  </Folder>
</Solution>
